[[dependencies]]
name = "account-abstraction"
version = "0.7.0"
git = "https://github.com/eth-infinitism/account-abstraction.git"
rev = "7af70c8993a6f42973f520ae0752386a5032abe7"

[[dependencies]]
name = "forge-std"
version = "1.9.4"
git = "https://github.com/foundry-rs/forge-std.git"
rev = "1eea5bae12ae557d589f9f0f0edae2faa47cb262"
